// !$*UTF8*$!
{
	archiveVersion = 1;
	classes = {
	};
	objectVersion = 55;
	objects = {

/* Begin PBXBuildFile section */
		16972B7327AD916D00DFBF2B /* Tests_iOS.swift in Sources */ = {isa = PBXBuildFile; fileRef = 16972B7227AD916D00DFBF2B /* Tests_iOS.swift */; };
		16972B7527AD916D00DFBF2B /* Tests_iOSLaunchTests.swift in Sources */ = {isa = PBXBuildFile; fileRef = 16972B7427AD916D00DFBF2B /* Tests_iOSLaunchTests.swift */; };
		16972B7F27AD916D00DFBF2B /* Tests_macOS.swift in Sources */ = {isa = PBXBuildFile; fileRef = 16972B7E27AD916D00DFBF2B /* Tests_macOS.swift */; };
		16972B8127AD916D00DFBF2B /* Tests_macOSLaunchTests.swift in Sources */ = {isa = PBXBuildFile; fileRef = 16972B8027AD916D00DFBF2B /* Tests_macOSLaunchTests.swift */; };
		16972B8227AD916D00DFBF2B /* bok_choy_uiApp.swift in Sources */ = {isa = PBXBuildFile; fileRef = 16972B5A27AD916A00DFBF2B /* bok_choy_uiApp.swift */; };
		16972B8327AD916D00DFBF2B /* bok_choy_uiApp.swift in Sources */ = {isa = PBXBuildFile; fileRef = 16972B5A27AD916A00DFBF2B /* bok_choy_uiApp.swift */; };
		16972B8427AD916D00DFBF2B /* ContentView.swift in Sources */ = {isa = PBXBuildFile; fileRef = 16972B5B27AD916A00DFBF2B /* ContentView.swift */; };
		16972B8527AD916D00DFBF2B /* ContentView.swift in Sources */ = {isa = PBXBuildFile; fileRef = 16972B5B27AD916A00DFBF2B /* ContentView.swift */; };
		16972B8627AD916D00DFBF2B /* Assets.xcassets in Resources */ = {isa = PBXBuildFile; fileRef = 16972B5C27AD916C00DFBF2B /* Assets.xcassets */; };
		16972B8727AD916D00DFBF2B /* Assets.xcassets in Resources */ = {isa = PBXBuildFile; fileRef = 16972B5C27AD916C00DFBF2B /* Assets.xcassets */; };
/* End PBXBuildFile section */

/* Begin PBXContainerItemProxy section */
		16972B6F27AD916D00DFBF2B /* PBXContainerItemProxy */ = {
			isa = PBXContainerItemProxy;
			containerPortal = 16972B5527AD916A00DFBF2B /* Project object */;
			proxyType = 1;
			remoteGlobalIDString = 16972B6027AD916C00DFBF2B;
			remoteInfo = "bok choy ui (iOS)";
		};
		16972B7B27AD916D00DFBF2B /* PBXContainerItemProxy */ = {
			isa = PBXContainerItemProxy;
			containerPortal = 16972B5527AD916A00DFBF2B /* Project object */;
			proxyType = 1;
			remoteGlobalIDString = 16972B6627AD916C00DFBF2B;
			remoteInfo = "bok choy ui (macOS)";
		};
/* End PBXContainerItemProxy section */

/* Begin PBXFileReference section */
		16972B5A27AD916A00DFBF2B /* bok_choy_uiApp.swift */ = {isa = PBXFileReference; lastKnownFileType = sourcecode.swift; path = bok_choy_uiApp.swift; sourceTree = "<group>"; };
		16972B5B27AD916A00DFBF2B /* ContentView.swift */ = {isa = PBXFileReference; lastKnownFileType = sourcecode.swift; path = ContentView.swift; sourceTree = "<group>"; };
		16972B5C27AD916C00DFBF2B /* Assets.xcassets */ = {isa = PBXFileReference; lastKnownFileType = folder.assetcatalog; path = Assets.xcassets; sourceTree = "<group>"; };
		16972B6127AD916C00DFBF2B /* bok choy ui.app */ = {isa = PBXFileReference; explicitFileType = wrapper.application; includeInIndex = 0; path = "bok choy ui.app"; sourceTree = BUILT_PRODUCTS_DIR; };
		16972B6727AD916C00DFBF2B /* bok choy ui.app */ = {isa = PBXFileReference; explicitFileType = wrapper.application; includeInIndex = 0; path = "bok choy ui.app"; sourceTree = BUILT_PRODUCTS_DIR; };
		16972B6927AD916D00DFBF2B /* macOS.entitlements */ = {isa = PBXFileReference; lastKnownFileType = text.plist.entitlements; path = macOS.entitlements; sourceTree = "<group>"; };
		16972B6E27AD916D00DFBF2B /* Tests iOS.xctest */ = {isa = PBXFileReference; explicitFileType = wrapper.cfbundle; includeInIndex = 0; path = "Tests iOS.xctest"; sourceTree = BUILT_PRODUCTS_DIR; };
		16972B7227AD916D00DFBF2B /* Tests_iOS.swift */ = {isa = PBXFileReference; lastKnownFileType = sourcecode.swift; path = Tests_iOS.swift; sourceTree = "<group>"; };
		16972B7427AD916D00DFBF2B /* Tests_iOSLaunchTests.swift */ = {isa = PBXFileReference; lastKnownFileType = sourcecode.swift; path = Tests_iOSLaunchTests.swift; sourceTree = "<group>"; };
		16972B7A27AD916D00DFBF2B /* Tests macOS.xctest */ = {isa = PBXFileReference; explicitFileType = wrapper.cfbundle; includeInIndex = 0; path = "Tests macOS.xctest"; sourceTree = BUILT_PRODUCTS_DIR; };
		16972B7E27AD916D00DFBF2B /* Tests_macOS.swift */ = {isa = PBXFileReference; lastKnownFileType = sourcecode.swift; path = Tests_macOS.swift; sourceTree = "<group>"; };
		16972B8027AD916D00DFBF2B /* Tests_macOSLaunchTests.swift */ = {isa = PBXFileReference; lastKnownFileType = sourcecode.swift; path = Tests_macOSLaunchTests.swift; sourceTree = "<group>"; };
/* End PBXFileReference section */

/* Begin PBXFrameworksBuildPhase section */
		16972B5E27AD916C00DFBF2B /* Frameworks */ = {
			isa = PBXFrameworksBuildPhase;
			buildActionMask = 2147483647;
			files = (
			);
			runOnlyForDeploymentPostprocessing = 0;
		};
		16972B6427AD916C00DFBF2B /* Frameworks */ = {
			isa = PBXFrameworksBuildPhase;
			buildActionMask = 2147483647;
			files = (
			);
			runOnlyForDeploymentPostprocessing = 0;
		};
		16972B6B27AD916D00DFBF2B /* Frameworks */ = {
			isa = PBXFrameworksBuildPhase;
			buildActionMask = 2147483647;
			files = (
			);
			runOnlyForDeploymentPostprocessing = 0;
		};
		16972B7727AD916D00DFBF2B /* Frameworks */ = {
			isa = PBXFrameworksBuildPhase;
			buildActionMask = 2147483647;
			files = (
			);
			runOnlyForDeploymentPostprocessing = 0;
		};
/* End PBXFrameworksBuildPhase section */

/* Begin PBXGroup section */
		16972B5427AD916A00DFBF2B = {
			isa = PBXGroup;
			children = (
				16972B5927AD916A00DFBF2B /* Shared */,
				16972B6827AD916C00DFBF2B /* macOS */,
				16972B7127AD916D00DFBF2B /* Tests iOS */,
				16972B7D27AD916D00DFBF2B /* Tests macOS */,
				16972B6227AD916C00DFBF2B /* Products */,
			);
			sourceTree = "<group>";
		};
		16972B5927AD916A00DFBF2B /* Shared */ = {
			isa = PBXGroup;
			children = (
				16972B5A27AD916A00DFBF2B /* bok_choy_uiApp.swift */,
				16972B5B27AD916A00DFBF2B /* ContentView.swift */,
				16972B5C27AD916C00DFBF2B /* Assets.xcassets */,
			);
			path = Shared;
			sourceTree = "<group>";
		};
		16972B6227AD916C00DFBF2B /* Products */ = {
			isa = PBXGroup;
			children = (
				16972B6127AD916C00DFBF2B /* bok choy ui.app */,
				16972B6727AD916C00DFBF2B /* bok choy ui.app */,
				16972B6E27AD916D00DFBF2B /* Tests iOS.xctest */,
				16972B7A27AD916D00DFBF2B /* Tests macOS.xctest */,
			);
			name = Products;
			sourceTree = "<group>";
		};
		16972B6827AD916C00DFBF2B /* macOS */ = {
			isa = PBXGroup;
			children = (
				16972B6927AD916D00DFBF2B /* macOS.entitlements */,
			);
			path = macOS;
			sourceTree = "<group>";
		};
		16972B7127AD916D00DFBF2B /* Tests iOS */ = {
			isa = PBXGroup;
			children = (
				16972B7227AD916D00DFBF2B /* Tests_iOS.swift */,
				16972B7427AD916D00DFBF2B /* Tests_iOSLaunchTests.swift */,
			);
			path = "Tests iOS";
			sourceTree = "<group>";
		};
		16972B7D27AD916D00DFBF2B /* Tests macOS */ = {
			isa = PBXGroup;
			children = (
				16972B7E27AD916D00DFBF2B /* Tests_macOS.swift */,
				16972B8027AD916D00DFBF2B /* Tests_macOSLaunchTests.swift */,
			);
			path = "Tests macOS";
			sourceTree = "<group>";
		};
/* End PBXGroup section */

/* Begin PBXNativeTarget section */
		16972B6027AD916C00DFBF2B /* bok choy ui (iOS) */ = {
			isa = PBXNativeTarget;
			buildConfigurationList = 16972B8A27AD916D00DFBF2B /* Build configuration list for PBXNativeTarget "bok choy ui (iOS)" */;
			buildPhases = (
				16972B5D27AD916C00DFBF2B /* Sources */,
				16972B5E27AD916C00DFBF2B /* Frameworks */,
				16972B5F27AD916C00DFBF2B /* Resources */,
			);
			buildRules = (
			);
			dependencies = (
			);
			name = "bok choy ui (iOS)";
			productName = "bok choy ui (iOS)";
			productReference = 16972B6127AD916C00DFBF2B /* bok choy ui.app */;
			productType = "com.apple.product-type.application";
		};
		16972B6627AD916C00DFBF2B /* bok choy ui (macOS) */ = {
			isa = PBXNativeTarget;
			buildConfigurationList = 16972B8D27AD916D00DFBF2B /* Build configuration list for PBXNativeTarget "bok choy ui (macOS)" */;
			buildPhases = (
				16972B6327AD916C00DFBF2B /* Sources */,
				16972B6427AD916C00DFBF2B /* Frameworks */,
				16972B6527AD916C00DFBF2B /* Resources */,
			);
			buildRules = (
			);
			dependencies = (
			);
			name = "bok choy ui (macOS)";
			productName = "bok choy ui (macOS)";
			productReference = 16972B6727AD916C00DFBF2B /* bok choy ui.app */;
			productType = "com.apple.product-type.application";
		};
		16972B6D27AD916D00DFBF2B /* Tests iOS */ = {
			isa = PBXNativeTarget;
			buildConfigurationList = 16972B9027AD916D00DFBF2B /* Build configuration list for PBXNativeTarget "Tests iOS" */;
			buildPhases = (
				16972B6A27AD916D00DFBF2B /* Sources */,
				16972B6B27AD916D00DFBF2B /* Frameworks */,
				16972B6C27AD916D00DFBF2B /* Resources */,
			);
			buildRules = (
			);
			dependencies = (
				16972B7027AD916D00DFBF2B /* PBXTargetDependency */,
			);
			name = "Tests iOS";
			productName = "Tests iOS";
			productReference = 16972B6E27AD916D00DFBF2B /* Tests iOS.xctest */;
			productType = "com.apple.product-type.bundle.ui-testing";
		};
		16972B7927AD916D00DFBF2B /* Tests macOS */ = {
			isa = PBXNativeTarget;
			buildConfigurationList = 16972B9327AD916D00DFBF2B /* Build configuration list for PBXNativeTarget "Tests macOS" */;
			buildPhases = (
				16972B7627AD916D00DFBF2B /* Sources */,
				16972B7727AD916D00DFBF2B /* Frameworks */,
				16972B7827AD916D00DFBF2B /* Resources */,
			);
			buildRules = (
			);
			dependencies = (
				16972B7C27AD916D00DFBF2B /* PBXTargetDependency */,
			);
			name = "Tests macOS";
			productName = "Tests macOS";
			productReference = 16972B7A27AD916D00DFBF2B /* Tests macOS.xctest */;
			productType = "com.apple.product-type.bundle.ui-testing";
		};
/* End PBXNativeTarget section */

/* Begin PBXProject section */
		16972B5527AD916A00DFBF2B /* Project object */ = {
			isa = PBXProject;
			attributes = {
				BuildIndependentTargetsInParallel = 1;
				LastSwiftUpdateCheck = 1320;
				LastUpgradeCheck = 1320;
				TargetAttributes = {
					16972B6027AD916C00DFBF2B = {
						CreatedOnToolsVersion = 13.2.1;
					};
					16972B6627AD916C00DFBF2B = {
						CreatedOnToolsVersion = 13.2.1;
					};
					16972B6D27AD916D00DFBF2B = {
						CreatedOnToolsVersion = 13.2.1;
						TestTargetID = 16972B6027AD916C00DFBF2B;
					};
					16972B7927AD916D00DFBF2B = {
						CreatedOnToolsVersion = 13.2.1;
						TestTargetID = 16972B6627AD916C00DFBF2B;
					};
				};
			};
			buildConfigurationList = 16972B5827AD916A00DFBF2B /* Build configuration list for PBXProject "bok choy ui" */;
			compatibilityVersion = "Xcode 13.0";
			developmentRegion = en;
			hasScannedForEncodings = 0;
			knownRegions = (
				en,
				Base,
			);
			mainGroup = 16972B5427AD916A00DFBF2B;
			productRefGroup = 16972B6227AD916C00DFBF2B /* Products */;
			projectDirPath = "";
			projectRoot = "";
			targets = (
				16972B6027AD916C00DFBF2B /* bok choy ui (iOS) */,
				16972B6627AD916C00DFBF2B /* bok choy ui (macOS) */,
				16972B6D27AD916D00DFBF2B /* Tests iOS */,
				16972B7927AD916D00DFBF2B /* Tests macOS */,
			);
		};
/* End PBXProject section */

/* Begin PBXResourcesBuildPhase section */
		16972B5F27AD916C00DFBF2B /* Resources */ = {
			isa = PBXResourcesBuildPhase;
			buildActionMask = 2147483647;
			files = (
				16972B8627AD916D00DFBF2B /* Assets.xcassets in Resources */,
			);
			runOnlyForDeploymentPostprocessing = 0;
		};
		16972B6527AD916C00DFBF2B /* Resources */ = {
			isa = PBXResourcesBuildPhase;
			buildActionMask = 2147483647;
			files = (
				16972B8727AD916D00DFBF2B /* Assets.xcassets in Resources */,
			);
			runOnlyForDeploymentPostprocessing = 0;
		};
		16972B6C27AD916D00DFBF2B /* Resources */ = {
			isa = PBXResourcesBuildPhase;
			buildActionMask = 2147483647;
			files = (
			);
			runOnlyForDeploymentPostprocessing = 0;
		};
		16972B7827AD916D00DFBF2B /* Resources */ = {
			isa = PBXResourcesBuildPhase;
			buildActionMask = 2147483647;
			files = (
			);
			runOnlyForDeploymentPostprocessing = 0;
		};
/* End PBXResourcesBuildPhase section */

/* Begin PBXSourcesBuildPhase section */
		16972B5D27AD916C00DFBF2B /* Sources */ = {
			isa = PBXSourcesBuildPhase;
			buildActionMask = 2147483647;
			files = (
				16972B8427AD916D00DFBF2B /* ContentView.swift in Sources */,
				16972B8227AD916D00DFBF2B /* bok_choy_uiApp.swift in Sources */,
			);
			runOnlyForDeploymentPostprocessing = 0;
		};
		16972B6327AD916C00DFBF2B /* Sources */ = {
			isa = PBXSourcesBuildPhase;
			buildActionMask = 2147483647;
			files = (
				16972B8527AD916D00DFBF2B /* ContentView.swift in Sources */,
				16972B8327AD916D00DFBF2B /* bok_choy_uiApp.swift in Sources */,
			);
			runOnlyForDeploymentPostprocessing = 0;
		};
		16972B6A27AD916D00DFBF2B /* Sources */ = {
			isa = PBXSourcesBuildPhase;
			buildActionMask = 2147483647;
			files = (
				16972B7527AD916D00DFBF2B /* Tests_iOSLaunchTests.swift in Sources */,
				16972B7327AD916D00DFBF2B /* Tests_iOS.swift in Sources */,
			);
			runOnlyForDeploymentPostprocessing = 0;
		};
		16972B7627AD916D00DFBF2B /* Sources */ = {
			isa = PBXSourcesBuildPhase;
			buildActionMask = 2147483647;
			files = (
				16972B8127AD916D00DFBF2B /* Tests_macOSLaunchTests.swift in Sources */,
				16972B7F27AD916D00DFBF2B /* Tests_macOS.swift in Sources */,
			);
			runOnlyForDeploymentPostprocessing = 0;
		};
/* End PBXSourcesBuildPhase section */

/* Begin PBXTargetDependency section */
		16972B7027AD916D00DFBF2B /* PBXTargetDependency */ = {
			isa = PBXTargetDependency;
			target = 16972B6027AD916C00DFBF2B /* bok choy ui (iOS) */;
			targetProxy = 16972B6F27AD916D00DFBF2B /* PBXContainerItemProxy */;
		};
		16972B7C27AD916D00DFBF2B /* PBXTargetDependency */ = {
			isa = PBXTargetDependency;
			target = 16972B6627AD916C00DFBF2B /* bok choy ui (macOS) */;
			targetProxy = 16972B7B27AD916D00DFBF2B /* PBXContainerItemProxy */;
		};
/* End PBXTargetDependency section */

/* Begin XCBuildConfiguration section */
		16972B8827AD916D00DFBF2B /* Debug */ = {
			isa = XCBuildConfiguration;
			buildSettings = {
				ALWAYS_SEARCH_USER_PATHS = NO;
				CLANG_ANALYZER_NONNULL = YES;
				CLANG_ANALYZER_NUMBER_OBJECT_CONVERSION = YES_AGGRESSIVE;
				CLANG_CXX_LANGUAGE_STANDARD = "gnu++17";
				CLANG_CXX_LIBRARY = "libc++";
				CLANG_ENABLE_MODULES = YES;
				CLANG_ENABLE_OBJC_ARC = YES;
				CLANG_ENABLE_OBJC_WEAK = YES;
				CLANG_WARN_BLOCK_CAPTURE_AUTORELEASING = YES;
				CLANG_WARN_BOOL_CONVERSION = YES;
				CLANG_WARN_COMMA = YES;
				CLANG_WARN_CONSTANT_CONVERSION = YES;
				CLANG_WARN_DEPRECATED_OBJC_IMPLEMENTATIONS = YES;
				CLANG_WARN_DIRECT_OBJC_ISA_USAGE = YES_ERROR;
				CLANG_WARN_DOCUMENTATION_COMMENTS = YES;
				CLANG_WARN_EMPTY_BODY = YES;
				CLANG_WARN_ENUM_CONVERSION = YES;
				CLANG_WARN_INFINITE_RECURSION = YES;
				CLANG_WARN_INT_CONVERSION = YES;
				CLANG_WARN_NON_LITERAL_NULL_CONVERSION = YES;
				CLANG_WARN_OBJC_IMPLICIT_RETAIN_SELF = YES;
				CLANG_WARN_OBJC_LITERAL_CONVERSION = YES;
				CLANG_WARN_OBJC_ROOT_CLASS = YES_ERROR;
				CLANG_WARN_QUOTED_INCLUDE_IN_FRAMEWORK_HEADER = YES;
				CLANG_WARN_RANGE_LOOP_ANALYSIS = YES;
				CLANG_WARN_STRICT_PROTOTYPES = YES;
				CLANG_WARN_SUSPICIOUS_MOVE = YES;
				CLANG_WARN_UNGUARDED_AVAILABILITY = YES_AGGRESSIVE;
				CLANG_WARN_UNREACHABLE_CODE = YES;
				CLANG_WARN__DUPLICATE_METHOD_MATCH = YES;
				COPY_PHASE_STRIP = NO;
				DEBUG_INFORMATION_FORMAT = dwarf;
				ENABLE_STRICT_OBJC_MSGSEND = YES;
				ENABLE_TESTABILITY = YES;
				GCC_C_LANGUAGE_STANDARD = gnu11;
				GCC_DYNAMIC_NO_PIC = NO;
				GCC_NO_COMMON_BLOCKS = YES;
				GCC_OPTIMIZATION_LEVEL = 0;
				GCC_PREPROCESSOR_DEFINITIONS = (
					"DEBUG=1",
					"$(inherited)",
				);
				GCC_WARN_64_TO_32_BIT_CONVERSION = YES;
				GCC_WARN_ABOUT_RETURN_TYPE = YES_ERROR;
				GCC_WARN_UNDECLARED_SELECTOR = YES;
				GCC_WARN_UNINITIALIZED_AUTOS = YES_AGGRESSIVE;
				GCC_WARN_UNUSED_FUNCTION = YES;
				GCC_WARN_UNUSED_VARIABLE = YES;
				MTL_ENABLE_DEBUG_INFO = INCLUDE_SOURCE;
				MTL_FAST_MATH = YES;
				ONLY_ACTIVE_ARCH = YES;
				SWIFT_ACTIVE_COMPILATION_CONDITIONS = DEBUG;
				SWIFT_OPTIMIZATION_LEVEL = "-Onone";
			};
			name = Debug;
		};
		16972B8927AD916D00DFBF2B /* Release */ = {
			isa = XCBuildConfiguration;
			buildSettings = {
				ALWAYS_SEARCH_USER_PATHS = NO;
				CLANG_ANALYZER_NONNULL = YES;
				CLANG_ANALYZER_NUMBER_OBJECT_CONVERSION = YES_AGGRESSIVE;
				CLANG_CXX_LANGUAGE_STANDARD = "gnu++17";
				CLANG_CXX_LIBRARY = "libc++";
				CLANG_ENABLE_MODULES = YES;
				CLANG_ENABLE_OBJC_ARC = YES;
				CLANG_ENABLE_OBJC_WEAK = YES;
				CLANG_WARN_BLOCK_CAPTURE_AUTORELEASING = YES;
				CLANG_WARN_BOOL_CONVERSION = YES;
				CLANG_WARN_COMMA = YES;
				CLANG_WARN_CONSTANT_CONVERSION = YES;
				CLANG_WARN_DEPRECATED_OBJC_IMPLEMENTATIONS = YES;
				CLANG_WARN_DIRECT_OBJC_ISA_USAGE = YES_ERROR;
				CLANG_WARN_DOCUMENTATION_COMMENTS = YES;
				CLANG_WARN_EMPTY_BODY = YES;
				CLANG_WARN_ENUM_CONVERSION = YES;
				CLANG_WARN_INFINITE_RECURSION = YES;
				CLANG_WARN_INT_CONVERSION = YES;
				CLANG_WARN_NON_LITERAL_NULL_CONVERSION = YES;
				CLANG_WARN_OBJC_IMPLICIT_RETAIN_SELF = YES;
				CLANG_WARN_OBJC_LITERAL_CONVERSION = YES;
				CLANG_WARN_OBJC_ROOT_CLASS = YES_ERROR;
				CLANG_WARN_QUOTED_INCLUDE_IN_FRAMEWORK_HEADER = YES;
				CLANG_WARN_RANGE_LOOP_ANALYSIS = YES;
				CLANG_WARN_STRICT_PROTOTYPES = YES;
				CLANG_WARN_SUSPICIOUS_MOVE = YES;
				CLANG_WARN_UNGUARDED_AVAILABILITY = YES_AGGRESSIVE;
				CLANG_WARN_UNREACHABLE_CODE = YES;
				CLANG_WARN__DUPLICATE_METHOD_MATCH = YES;
				COPY_PHASE_STRIP = NO;
				DEBUG_INFORMATION_FORMAT = "dwarf-with-dsym";
				ENABLE_NS_ASSERTIONS = NO;
				ENABLE_STRICT_OBJC_MSGSEND = YES;
				GCC_C_LANGUAGE_STANDARD = gnu11;
				GCC_NO_COMMON_BLOCKS = YES;
				GCC_WARN_64_TO_32_BIT_CONVERSION = YES;
				GCC_WARN_ABOUT_RETURN_TYPE = YES_ERROR;
				GCC_WARN_UNDECLARED_SELECTOR = YES;
				GCC_WARN_UNINITIALIZED_AUTOS = YES_AGGRESSIVE;
				GCC_WARN_UNUSED_FUNCTION = YES;
				GCC_WARN_UNUSED_VARIABLE = YES;
				MTL_ENABLE_DEBUG_INFO = NO;
				MTL_FAST_MATH = YES;
				SWIFT_COMPILATION_MODE = wholemodule;
				SWIFT_OPTIMIZATION_LEVEL = "-O";
			};
			name = Release;
		};
		16972B8B27AD916D00DFBF2B /* Debug */ = {
			isa = XCBuildConfiguration;
			buildSettings = {
				ASSETCATALOG_COMPILER_APPICON_NAME = AppIcon;
				ASSETCATALOG_COMPILER_GLOBAL_ACCENT_COLOR_NAME = AccentColor;
				CODE_SIGN_STYLE = Automatic;
				CURRENT_PROJECT_VERSION = 1;
				DEVELOPMENT_TEAM = L3A3A5Z6CZ;
				ENABLE_PREVIEWS = YES;
				GENERATE_INFOPLIST_FILE = YES;
				INFOPLIST_KEY_UIApplicationSceneManifest_Generation = YES;
				INFOPLIST_KEY_UIApplicationSupportsIndirectInputEvents = YES;
				INFOPLIST_KEY_UILaunchScreen_Generation = YES;
				INFOPLIST_KEY_UISupportedInterfaceOrientations_iPad = "UIInterfaceOrientationPortrait UIInterfaceOrientationPortraitUpsideDown UIInterfaceOrientationLandscapeLeft UIInterfaceOrientationLandscapeRight";
				INFOPLIST_KEY_UISupportedInterfaceOrientations_iPhone = "UIInterfaceOrientationPortrait UIInterfaceOrientationLandscapeLeft UIInterfaceOrientationLandscapeRight";
				IPHONEOS_DEPLOYMENT_TARGET = 15.2;
				LD_RUNPATH_SEARCH_PATHS = (
					"$(inherited)",
					"@executable_path/Frameworks",
				);
				MARKETING_VERSION = 1.0;
				PRODUCT_BUNDLE_IDENTIFIER = "com.grantbaughman.bok-choy-ui";
				PRODUCT_NAME = "bok choy ui";
				SDKROOT = iphoneos;
				SWIFT_EMIT_LOC_STRINGS = YES;
				SWIFT_VERSION = 5.0;
				TARGETED_DEVICE_FAMILY = "1,2";
			};
			name = Debug;
		};
		16972B8C27AD916D00DFBF2B /* Release */ = {
			isa = XCBuildConfiguration;
			buildSettings = {
				ASSETCATALOG_COMPILER_APPICON_NAME = AppIcon;
				ASSETCATALOG_COMPILER_GLOBAL_ACCENT_COLOR_NAME = AccentColor;
				CODE_SIGN_STYLE = Automatic;
				CURRENT_PROJECT_VERSION = 1;
				DEVELOPMENT_TEAM = L3A3A5Z6CZ;
				ENABLE_PREVIEWS = YES;
				GENERATE_INFOPLIST_FILE = YES;
				INFOPLIST_KEY_UIApplicationSceneManifest_Generation = YES;
				INFOPLIST_KEY_UIApplicationSupportsIndirectInputEvents = YES;
				INFOPLIST_KEY_UILaunchScreen_Generation = YES;
				INFOPLIST_KEY_UISupportedInterfaceOrientations_iPad = "UIInterfaceOrientationPortrait UIInterfaceOrientationPortraitUpsideDown UIInterfaceOrientationLandscapeLeft UIInterfaceOrientationLandscapeRight";
				INFOPLIST_KEY_UISupportedInterfaceOrientations_iPhone = "UIInterfaceOrientationPortrait UIInterfaceOrientationLandscapeLeft UIInterfaceOrientationLandscapeRight";
				IPHONEOS_DEPLOYMENT_TARGET = 15.2;
				LD_RUNPATH_SEARCH_PATHS = (
					"$(inherited)",
					"@executable_path/Frameworks",
				);
				MARKETING_VERSION = 1.0;
				PRODUCT_BUNDLE_IDENTIFIER = "com.grantbaughman.bok-choy-ui";
				PRODUCT_NAME = "bok choy ui";
				SDKROOT = iphoneos;
				SWIFT_EMIT_LOC_STRINGS = YES;
				SWIFT_VERSION = 5.0;
				TARGETED_DEVICE_FAMILY = "1,2";
				VALIDATE_PRODUCT = YES;
			};
			name = Release;
		};
		16972B8E27AD916D00DFBF2B /* Debug */ = {
			isa = XCBuildConfiguration;
			buildSettings = {
				ASSETCATALOG_COMPILER_APPICON_NAME = AppIcon;
				ASSETCATALOG_COMPILER_GLOBAL_ACCENT_COLOR_NAME = AccentColor;
				CODE_SIGN_ENTITLEMENTS = macOS/macOS.entitlements;
				CODE_SIGN_STYLE = Automatic;
				COMBINE_HIDPI_IMAGES = YES;
				CURRENT_PROJECT_VERSION = 1;
				DEVELOPMENT_TEAM = L3A3A5Z6CZ;
				ENABLE_HARDENED_RUNTIME = YES;
				ENABLE_PREVIEWS = YES;
				GENERATE_INFOPLIST_FILE = YES;
				INFOPLIST_KEY_NSHumanReadableCopyright = "";
				LD_RUNPATH_SEARCH_PATHS = (
					"$(inherited)",
					"@executable_path/../Frameworks",
				);
				MACOSX_DEPLOYMENT_TARGET = 12.1;
				MARKETING_VERSION = 1.0;
				PRODUCT_BUNDLE_IDENTIFIER = "com.grantbaughman.bok-choy-ui";
				PRODUCT_NAME = "bok choy ui";
				SDKROOT = macosx;
				SWIFT_EMIT_LOC_STRINGS = YES;
				SWIFT_VERSION = 5.0;
			};
			name = Debug;
		};
		16972B8F27AD916D00DFBF2B /* Release */ = {
			isa = XCBuildConfiguration;
			buildSettings = {
				ASSETCATALOG_COMPILER_APPICON_NAME = AppIcon;
				ASSETCATALOG_COMPILER_GLOBAL_ACCENT_COLOR_NAME = AccentColor;
				CODE_SIGN_ENTITLEMENTS = macOS/macOS.entitlements;
				CODE_SIGN_STYLE = Automatic;
				COMBINE_HIDPI_IMAGES = YES;
				CURRENT_PROJECT_VERSION = 1;
				DEVELOPMENT_TEAM = L3A3A5Z6CZ;
				ENABLE_HARDENED_RUNTIME = YES;
				ENABLE_PREVIEWS = YES;
				GENERATE_INFOPLIST_FILE = YES;
				INFOPLIST_KEY_NSHumanReadableCopyright = "";
				LD_RUNPATH_SEARCH_PATHS = (
					"$(inherited)",
					"@executable_path/../Frameworks",
				);
				MACOSX_DEPLOYMENT_TARGET = 12.1;
				MARKETING_VERSION = 1.0;
				PRODUCT_BUNDLE_IDENTIFIER = "com.grantbaughman.bok-choy-ui";
				PRODUCT_NAME = "bok choy ui";
				SDKROOT = macosx;
				SWIFT_EMIT_LOC_STRINGS = YES;
				SWIFT_VERSION = 5.0;
			};
			name = Release;
		};
		16972B9127AD916D00DFBF2B /* Debug */ = {
			isa = XCBuildConfiguration;
			buildSettings = {
				ALWAYS_EMBED_SWIFT_STANDARD_LIBRARIES = YES;
				CODE_SIGN_STYLE = Automatic;
				CURRENT_PROJECT_VERSION = 1;
				DEVELOPMENT_TEAM = L3A3A5Z6CZ;
				GENERATE_INFOPLIST_FILE = YES;
				IPHONEOS_DEPLOYMENT_TARGET = 15.2;
				MARKETING_VERSION = 1.0;
				PRODUCT_BUNDLE_IDENTIFIER = "com.grantbaughman.Tests-iOS";
				PRODUCT_NAME = "$(TARGET_NAME)";
				SDKROOT = iphoneos;
				SWIFT_EMIT_LOC_STRINGS = NO;
				SWIFT_VERSION = 5.0;
				TARGETED_DEVICE_FAMILY = "1,2";
				TEST_TARGET_NAME = "bok choy ui (iOS)";
			};
			name = Debug;
		};
		16972B9227AD916D00DFBF2B /* Release */ = {
			isa = XCBuildConfiguration;
			buildSettings = {
				ALWAYS_EMBED_SWIFT_STANDARD_LIBRARIES = YES;
				CODE_SIGN_STYLE = Automatic;
				CURRENT_PROJECT_VERSION = 1;
				DEVELOPMENT_TEAM = L3A3A5Z6CZ;
				GENERATE_INFOPLIST_FILE = YES;
				IPHONEOS_DEPLOYMENT_TARGET = 15.2;
				MARKETING_VERSION = 1.0;
				PRODUCT_BUNDLE_IDENTIFIER = "com.grantbaughman.Tests-iOS";
				PRODUCT_NAME = "$(TARGET_NAME)";
				SDKROOT = iphoneos;
				SWIFT_EMIT_LOC_STRINGS = NO;
				SWIFT_VERSION = 5.0;
				TARGETED_DEVICE_FAMILY = "1,2";
				TEST_TARGET_NAME = "bok choy ui (iOS)";
				VALIDATE_PRODUCT = YES;
			};
			name = Release;
		};
		16972B9427AD916D00DFBF2B /* Debug */ = {
			isa = XCBuildConfiguration;
			buildSettings = {
				ALWAYS_EMBED_SWIFT_STANDARD_LIBRARIES = YES;
				CODE_SIGN_STYLE = Automatic;
				CURRENT_PROJECT_VERSION = 1;
				DEVELOPMENT_TEAM = L3A3A5Z6CZ;
				GENERATE_INFOPLIST_FILE = YES;
				MACOSX_DEPLOYMENT_TARGET = 12.1;
				MARKETING_VERSION = 1.0;
				PRODUCT_BUNDLE_IDENTIFIER = "com.grantbaughman.Tests-macOS";
				PRODUCT_NAME = "$(TARGET_NAME)";
				SDKROOT = macosx;
				SWIFT_EMIT_LOC_STRINGS = NO;
				SWIFT_VERSION = 5.0;
				TEST_TARGET_NAME = "bok choy ui (macOS)";
			};
			name = Debug;
		};
		16972B9527AD916D00DFBF2B /* Release */ = {
			isa = XCBuildConfiguration;
			buildSettings = {
				ALWAYS_EMBED_SWIFT_STANDARD_LIBRARIES = YES;
				CODE_SIGN_STYLE = Automatic;
				CURRENT_PROJECT_VERSION = 1;
				DEVELOPMENT_TEAM = L3A3A5Z6CZ;
				GENERATE_INFOPLIST_FILE = YES;
				MACOSX_DEPLOYMENT_TARGET = 12.1;
				MARKETING_VERSION = 1.0;
				PRODUCT_BUNDLE_IDENTIFIER = "com.grantbaughman.Tests-macOS";
				PRODUCT_NAME = "$(TARGET_NAME)";
				SDKROOT = macosx;
				SWIFT_EMIT_LOC_STRINGS = NO;
				SWIFT_VERSION = 5.0;
				TEST_TARGET_NAME = "bok choy ui (macOS)";
			};
			name = Release;
		};
/* End XCBuildConfiguration section */

/* Begin XCConfigurationList section */
		16972B5827AD916A00DFBF2B /* Build configuration list for PBXProject "bok choy ui" */ = {
			isa = XCConfigurationList;
			buildConfigurations = (
				16972B8827AD916D00DFBF2B /* Debug */,
				16972B8927AD916D00DFBF2B /* Release */,
			);
			defaultConfigurationIsVisible = 0;
			defaultConfigurationName = Release;
		};
		16972B8A27AD916D00DFBF2B /* Build configuration list for PBXNativeTarget "bok choy ui (iOS)" */ = {
			isa = XCConfigurationList;
			buildConfigurations = (
				16972B8B27AD916D00DFBF2B /* Debug */,
				16972B8C27AD916D00DFBF2B /* Release */,
			);
			defaultConfigurationIsVisible = 0;
			defaultConfigurationName = Release;
		};
		16972B8D27AD916D00DFBF2B /* Build configuration list for PBXNativeTarget "bok choy ui (macOS)" */ = {
			isa = XCConfigurationList;
			buildConfigurations = (
				16972B8E27AD916D00DFBF2B /* Debug */,
				16972B8F27AD916D00DFBF2B /* Release */,
			);
			defaultConfigurationIsVisible = 0;
			defaultConfigurationName = Release;
		};
		16972B9027AD916D00DFBF2B /* Build configuration list for PBXNativeTarget "Tests iOS" */ = {
			isa = XCConfigurationList;
			buildConfigurations = (
				16972B9127AD916D00DFBF2B /* Debug */,
				16972B9227AD916D00DFBF2B /* Release */,
			);
			defaultConfigurationIsVisible = 0;
			defaultConfigurationName = Release;
		};
		16972B9327AD916D00DFBF2B /* Build configuration list for PBXNativeTarget "Tests macOS" */ = {
			isa = XCConfigurationList;
			buildConfigurations = (
				16972B9427AD916D00DFBF2B /* Debug */,
				16972B9527AD916D00DFBF2B /* Release */,
			);
			defaultConfigurationIsVisible = 0;
			defaultConfigurationName = Release;
		};
/* End XCConfigurationList section */
	};
	rootObject = 16972B5527AD916A00DFBF2B /* Project object */;
}
